
Microsoft Visual Studio Solution File, Format Version 12.00
# Visual Studio 14
VisualStudioVersion = 14.0.24720.0
MinimumVisualStudioVersion = 10.0.40219.1
Project("{FAE04EC0-301F-11D3-BF4B-00C04F79EFBC}") = "EliminateGame", "EliminateGame\EliminateGame.csproj", "{1A72A5DA-3B01-4309-B77C-399905A5562B}"
EndProject
Project("{FAE04EC0-301F-11D3-BF4B-00C04F79EFBC}") = "Test", "Test\Test.csproj", "{7C60BD30-2B9B-4C9B-BB1A-73BCF9D56A60}"
EndProject
Global
	GlobalSection(SolutionConfigurationPlatforms) = preSolution
		Debug|Any CPU = Debug|Any CPU
		Release|Any CPU = Release|Any CPU
	EndGlobalSection
	GlobalSection(ProjectConfigurationPlatforms) = postSolution
		{1A72A5DA-3B01-4309-B77C-399905A5562B}.Debug|Any CPU.ActiveCfg = Debug|Any CPU
		{1A72A5DA-3B01-4309-B77C-399905A5562B}.Debug|Any CPU.Build.0 = Debug|Any CPU
		{1A72A5DA-3B01-4309-B77C-399905A5562B}.Release|Any CPU.ActiveCfg = Release|Any CPU
		{1A72A5DA-3B01-4309-B77C-399905A5562B}.Release|Any CPU.Build.0 = Release|Any CPU
		{7C60BD30-2B9B-4C9B-BB1A-73BCF9D56A60}.Debug|Any CPU.ActiveCfg = Debug|Any CPU
		{7C60BD30-2B9B-4C9B-BB1A-73BCF9D56A60}.Debug|Any CPU.Build.0 = Debug|Any CPU
		{7C60BD30-2B9B-4C9B-BB1A-73BCF9D56A60}.Release|Any CPU.ActiveCfg = Release|Any CPU
		{7C60BD30-2B9B-4C9B-BB1A-73BCF9D56A60}.Release|Any CPU.Build.0 = Release|Any CPU
	EndGlobalSection
	GlobalSection(SolutionProperties) = preSolution
		HideSolutionNode = FALSE
	EndGlobalSection
EndGlobal
